// !$*UTF8*$!
{
	archiveVersion = 1;
	classes = {
	};
	objectVersion = 46;
	objects = {

/* Begin PBXBuildFile section */
		3445A90B1BF598A0009CC040 /* LinkedList.swift in Sources */ = {isa = PBXBuildFile; fileRef = 3445A90A1BF598A0009CC040 /* LinkedList.swift */; };
		3445A90D1BF5B0B8009CC040 /* CharacterGridViewDelegate.swift in Sources */ = {isa = PBXBuildFile; fileRef = 3445A90C1BF5B0B8009CC040 /* CharacterGridViewDelegate.swift */; };
		344642FE1BF42B830020C14D /* CharacterLabel.swift in Sources */ = {isa = PBXBuildFile; fileRef = 344642FD1BF42B830020C14D /* CharacterLabel.swift */; };
		344643001BF440BA0020C14D /* Extensions.swift in Sources */ = {isa = PBXBuildFile; fileRef = 344642FF1BF440BA0020C14D /* Extensions.swift */; };
		347470201BF2EFD700A0605F /* JsonGen.swift in Sources */ = {isa = PBXBuildFile; fileRef = 3474701F1BF2EFD700A0605F /* JsonGen.swift */; };
		34D695D41BEE94BD0078B8BA /* AppDelegate.swift in Sources */ = {isa = PBXBuildFile; fileRef = 34D695D31BEE94BD0078B8BA /* AppDelegate.swift */; };
		34D695D61BEE94BD0078B8BA /* PuzzleViewController.swift in Sources */ = {isa = PBXBuildFile; fileRef = 34D695D51BEE94BD0078B8BA /* PuzzleViewController.swift */; };
		34D695D91BEE94BD0078B8BA /* Main.storyboard in Resources */ = {isa = PBXBuildFile; fileRef = 34D695D71BEE94BD0078B8BA /* Main.storyboard */; };
		34D695DB1BEE94BD0078B8BA /* Assets.xcassets in Resources */ = {isa = PBXBuildFile; fileRef = 34D695DA1BEE94BD0078B8BA /* Assets.xcassets */; };
		34D695DE1BEE94BD0078B8BA /* LaunchScreen.storyboard in Resources */ = {isa = PBXBuildFile; fileRef = 34D695DC1BEE94BD0078B8BA /* LaunchScreen.storyboard */; };
		34D696021BEE95940078B8BA /* Puzzle.swift in Sources */ = {isa = PBXBuildFile; fileRef = 34D696011BEE95940078B8BA /* Puzzle.swift */; };
		34D696061BEEB3F50078B8BA /* Coordinate.swift in Sources */ = {isa = PBXBuildFile; fileRef = 34D696051BEEB3F50078B8BA /* Coordinate.swift */; };
		34D696081BEEC01E0078B8BA /* WordLocation.swift in Sources */ = {isa = PBXBuildFile; fileRef = 34D696071BEEC01E0078B8BA /* WordLocation.swift */; };
		34F3DEDF1BEFC1C7008B8229 /* Network.swift in Sources */ = {isa = PBXBuildFile; fileRef = 34F3DEDE1BEFC1C7008B8229 /* Network.swift */; };
		34F3DEE91BEFD4E9008B8229 /* Just.swift in Sources */ = {isa = PBXBuildFile; fileRef = 34F3DEE71BEFD4E9008B8229 /* Just.swift */; };
		34F3DEEF1BEFD7B8008B8229 /* LICENSE in Resources */ = {isa = PBXBuildFile; fileRef = 34F3DEEC1BEFD7B8008B8229 /* LICENSE */; };
		34F3DEF01BEFD7B8008B8229 /* Result.swift in Sources */ = {isa = PBXBuildFile; fileRef = 34F3DEED1BEFD7B8008B8229 /* Result.swift */; };
		34F3DEF11BEFD7B8008B8229 /* ResultType.swift in Sources */ = {isa = PBXBuildFile; fileRef = 34F3DEEE1BEFD7B8008B8229 /* ResultType.swift */; };
		34F3DEF51BF02A00008B8229 /* CharacterGridView.swift in Sources */ = {isa = PBXBuildFile; fileRef = 34F3DEF41BF02A00008B8229 /* CharacterGridView.swift */; };
/* End PBXBuildFile section */

/* Begin PBXFileReference section */
		3445A90A1BF598A0009CC040 /* LinkedList.swift */ = {isa = PBXFileReference; fileEncoding = 4; lastKnownFileType = sourcecode.swift; path = LinkedList.swift; sourceTree = "<group>"; };
		3445A90C1BF5B0B8009CC040 /* CharacterGridViewDelegate.swift */ = {isa = PBXFileReference; fileEncoding = 4; lastKnownFileType = sourcecode.swift; path = CharacterGridViewDelegate.swift; sourceTree = "<group>"; };
		344642FD1BF42B830020C14D /* CharacterLabel.swift */ = {isa = PBXFileReference; fileEncoding = 4; lastKnownFileType = sourcecode.swift; path = CharacterLabel.swift; sourceTree = "<group>"; };
		344642FF1BF440BA0020C14D /* Extensions.swift */ = {isa = PBXFileReference; fileEncoding = 4; lastKnownFileType = sourcecode.swift; path = Extensions.swift; sourceTree = "<group>"; };
		3474701F1BF2EFD700A0605F /* JsonGen.swift */ = {isa = PBXFileReference; fileEncoding = 4; lastKnownFileType = sourcecode.swift; path = JsonGen.swift; sourceTree = "<group>"; };
		34D695D01BEE94BC0078B8BA /* WordSearch.app */ = {isa = PBXFileReference; explicitFileType = wrapper.application; includeInIndex = 0; path = WordSearch.app; sourceTree = BUILT_PRODUCTS_DIR; };
		34D695D31BEE94BD0078B8BA /* AppDelegate.swift */ = {isa = PBXFileReference; lastKnownFileType = sourcecode.swift; path = AppDelegate.swift; sourceTree = "<group>"; };
		34D695D51BEE94BD0078B8BA /* PuzzleViewController.swift */ = {isa = PBXFileReference; lastKnownFileType = sourcecode.swift; path = PuzzleViewController.swift; sourceTree = "<group>"; };
		34D695D81BEE94BD0078B8BA /* Base */ = {isa = PBXFileReference; lastKnownFileType = file.storyboard; name = Base; path = Base.lproj/Main.storyboard; sourceTree = "<group>"; };
		34D695DA1BEE94BD0078B8BA /* Assets.xcassets */ = {isa = PBXFileReference; lastKnownFileType = folder.assetcatalog; path = Assets.xcassets; sourceTree = "<group>"; };
		34D695DD1BEE94BD0078B8BA /* Base */ = {isa = PBXFileReference; lastKnownFileType = file.storyboard; name = Base; path = Base.lproj/LaunchScreen.storyboard; sourceTree = "<group>"; };
		34D695DF1BEE94BD0078B8BA /* Info.plist */ = {isa = PBXFileReference; lastKnownFileType = text.plist.xml; path = Info.plist; sourceTree = "<group>"; };
		34D696011BEE95940078B8BA /* Puzzle.swift */ = {isa = PBXFileReference; fileEncoding = 4; lastKnownFileType = sourcecode.swift; path = Puzzle.swift; sourceTree = "<group>"; };
		34D696051BEEB3F50078B8BA /* Coordinate.swift */ = {isa = PBXFileReference; fileEncoding = 4; lastKnownFileType = sourcecode.swift; path = Coordinate.swift; sourceTree = "<group>"; };
		34D696071BEEC01E0078B8BA /* WordLocation.swift */ = {isa = PBXFileReference; fileEncoding = 4; lastKnownFileType = sourcecode.swift; path = WordLocation.swift; sourceTree = "<group>"; };
		34F3DEDE1BEFC1C7008B8229 /* Network.swift */ = {isa = PBXFileReference; fileEncoding = 4; lastKnownFileType = sourcecode.swift; path = Network.swift; sourceTree = "<group>"; };
		34F3DEE71BEFD4E9008B8229 /* Just.swift */ = {isa = PBXFileReference; fileEncoding = 4; lastKnownFileType = sourcecode.swift; path = Just.swift; sourceTree = "<group>"; };
		34F3DEEC1BEFD7B8008B8229 /* LICENSE */ = {isa = PBXFileReference; fileEncoding = 4; lastKnownFileType = text; path = LICENSE; sourceTree = "<group>"; };
		34F3DEED1BEFD7B8008B8229 /* Result.swift */ = {isa = PBXFileReference; fileEncoding = 4; lastKnownFileType = sourcecode.swift; path = Result.swift; sourceTree = "<group>"; };
		34F3DEEE1BEFD7B8008B8229 /* ResultType.swift */ = {isa = PBXFileReference; fileEncoding = 4; lastKnownFileType = sourcecode.swift; path = ResultType.swift; sourceTree = "<group>"; };
		34F3DEF41BF02A00008B8229 /* CharacterGridView.swift */ = {isa = PBXFileReference; fileEncoding = 4; lastKnownFileType = sourcecode.swift; path = CharacterGridView.swift; sourceTree = "<group>"; };
/* End PBXFileReference section */

/* Begin PBXFrameworksBuildPhase section */
		34D695CD1BEE94BC0078B8BA /* Frameworks */ = {
			isa = PBXFrameworksBuildPhase;
			buildActionMask = 2147483647;
			files = (
			);
			runOnlyForDeploymentPostprocessing = 0;
		};
/* End PBXFrameworksBuildPhase section */

/* Begin PBXGroup section */
		3474701E1BF2EFD700A0605F /* JsonGen */ = {
			isa = PBXGroup;
			children = (
				3474701F1BF2EFD700A0605F /* JsonGen.swift */,
			);
			path = JsonGen;
			sourceTree = "<group>";
		};
		34D695C71BEE94BC0078B8BA = {
			isa = PBXGroup;
			children = (
				34D695D21BEE94BD0078B8BA /* WordSearch */,
				34F3DEE01BEFD07E008B8229 /* Vendor */,
				34D695D11BEE94BC0078B8BA /* Products */,
			);
			indentWidth = 4;
			sourceTree = "<group>";
			tabWidth = 4;
			usesTabs = 0;
		};
		34D695D11BEE94BC0078B8BA /* Products */ = {
			isa = PBXGroup;
			children = (
				34D695D01BEE94BC0078B8BA /* WordSearch.app */,
			);
			name = Products;
			sourceTree = "<group>";
		};
		34D695D21BEE94BD0078B8BA /* WordSearch */ = {
			isa = PBXGroup;
			children = (
				34D695D31BEE94BD0078B8BA /* AppDelegate.swift */,
				34D695D51BEE94BD0078B8BA /* PuzzleViewController.swift */,
				34F3DEF41BF02A00008B8229 /* CharacterGridView.swift */,
				3445A90C1BF5B0B8009CC040 /* CharacterGridViewDelegate.swift */,
				344642FD1BF42B830020C14D /* CharacterLabel.swift */,
				34D695D71BEE94BD0078B8BA /* Main.storyboard */,
				34D695DA1BEE94BD0078B8BA /* Assets.xcassets */,
				34D695DC1BEE94BD0078B8BA /* LaunchScreen.storyboard */,
				34D695DF1BEE94BD0078B8BA /* Info.plist */,
				34D696011BEE95940078B8BA /* Puzzle.swift */,
				34D696071BEEC01E0078B8BA /* WordLocation.swift */,
				34D696051BEEB3F50078B8BA /* Coordinate.swift */,
				34F3DEDE1BEFC1C7008B8229 /* Network.swift */,
				344642FF1BF440BA0020C14D /* Extensions.swift */,
				3445A90A1BF598A0009CC040 /* LinkedList.swift */,
			);
			path = WordSearch;
			sourceTree = "<group>";
		};
		34F3DEE01BEFD07E008B8229 /* Vendor */ = {
			isa = PBXGroup;
			children = (
				3474701E1BF2EFD700A0605F /* JsonGen */,
				34F3DEE61BEFD4E9008B8229 /* JustHTTP */,
				34F3DEEB1BEFD7B8008B8229 /* Result */,
			);
			path = Vendor;
			sourceTree = "<group>";
		};
		34F3DEE61BEFD4E9008B8229 /* JustHTTP */ = {
			isa = PBXGroup;
			children = (
				34F3DEE71BEFD4E9008B8229 /* Just.swift */,
			);
			path = JustHTTP;
			sourceTree = "<group>";
		};
		34F3DEEB1BEFD7B8008B8229 /* Result */ = {
			isa = PBXGroup;
			children = (
				34F3DEEC1BEFD7B8008B8229 /* LICENSE */,
				34F3DEED1BEFD7B8008B8229 /* Result.swift */,
				34F3DEEE1BEFD7B8008B8229 /* ResultType.swift */,
			);
			path = Result;
			sourceTree = "<group>";
		};
/* End PBXGroup section */

/* Begin PBXNativeTarget section */
		34D695CF1BEE94BC0078B8BA /* WordSearch */ = {
			isa = PBXNativeTarget;
			buildConfigurationList = 34D695F81BEE94BD0078B8BA /* Build configuration list for PBXNativeTarget "WordSearch" */;
			buildPhases = (
				34D695CC1BEE94BC0078B8BA /* Sources */,
				34D695CD1BEE94BC0078B8BA /* Frameworks */,
				34D695CE1BEE94BC0078B8BA /* Resources */,
			);
			buildRules = (
			);
			dependencies = (
			);
			name = WordSearch;
			productName = WordSearch;
			productReference = 34D695D01BEE94BC0078B8BA /* WordSearch.app */;
			productType = "com.apple.product-type.application";
		};
/* End PBXNativeTarget section */

/* Begin PBXProject section */
		34D695C81BEE94BC0078B8BA /* Project object */ = {
			isa = PBXProject;
			attributes = {
				LastSwiftUpdateCheck = 0710;
				LastUpgradeCheck = 0710;
				ORGANIZATIONNAME = "Matthew Crenshaw";
				TargetAttributes = {
					34D695CF1BEE94BC0078B8BA = {
						CreatedOnToolsVersion = 7.1;
						DevelopmentTeam = S9WE8AXZFK;
					};
				};
			};
			buildConfigurationList = 34D695CB1BEE94BC0078B8BA /* Build configuration list for PBXProject "WordSearch" */;
			compatibilityVersion = "Xcode 3.2";
			developmentRegion = English;
			hasScannedForEncodings = 0;
			knownRegions = (
				en,
				Base,
			);
			mainGroup = 34D695C71BEE94BC0078B8BA;
			productRefGroup = 34D695D11BEE94BC0078B8BA /* Products */;
			projectDirPath = "";
			projectRoot = "";
			targets = (
				34D695CF1BEE94BC0078B8BA /* WordSearch */,
			);
		};
/* End PBXProject section */

/* Begin PBXResourcesBuildPhase section */
		34D695CE1BEE94BC0078B8BA /* Resources */ = {
			isa = PBXResourcesBuildPhase;
			buildActionMask = 2147483647;
			files = (
				34D695DE1BEE94BD0078B8BA /* LaunchScreen.storyboard in Resources */,
				34D695DB1BEE94BD0078B8BA /* Assets.xcassets in Resources */,
				34F3DEEF1BEFD7B8008B8229 /* LICENSE in Resources */,
				34D695D91BEE94BD0078B8BA /* Main.storyboard in Resources */,
			);
			runOnlyForDeploymentPostprocessing = 0;
		};
/* End PBXResourcesBuildPhase section */

/* Begin PBXSourcesBuildPhase section */
		34D695CC1BEE94BC0078B8BA /* Sources */ = {
			isa = PBXSourcesBuildPhase;
			buildActionMask = 2147483647;
			files = (
				3445A90D1BF5B0B8009CC040 /* CharacterGridViewDelegate.swift in Sources */,
				344642FE1BF42B830020C14D /* CharacterLabel.swift in Sources */,
				34F3DEF11BEFD7B8008B8229 /* ResultType.swift in Sources */,
				34F3DEF01BEFD7B8008B8229 /* Result.swift in Sources */,
				34D696081BEEC01E0078B8BA /* WordLocation.swift in Sources */,
				34D696021BEE95940078B8BA /* Puzzle.swift in Sources */,
				34D695D61BEE94BD0078B8BA /* PuzzleViewController.swift in Sources */,
				34F3DEE91BEFD4E9008B8229 /* Just.swift in Sources */,
				34D695D41BEE94BD0078B8BA /* AppDelegate.swift in Sources */,
				34F3DEF51BF02A00008B8229 /* CharacterGridView.swift in Sources */,
				34F3DEDF1BEFC1C7008B8229 /* Network.swift in Sources */,
				347470201BF2EFD700A0605F /* JsonGen.swift in Sources */,
				3445A90B1BF598A0009CC040 /* LinkedList.swift in Sources */,
				34D696061BEEB3F50078B8BA /* Coordinate.swift in Sources */,
				344643001BF440BA0020C14D /* Extensions.swift in Sources */,
			);
			runOnlyForDeploymentPostprocessing = 0;
		};
/* End PBXSourcesBuildPhase section */

/* Begin PBXVariantGroup section */
		34D695D71BEE94BD0078B8BA /* Main.storyboard */ = {
			isa = PBXVariantGroup;
			children = (
				34D695D81BEE94BD0078B8BA /* Base */,
			);
			name = Main.storyboard;
			sourceTree = "<group>";
		};
		34D695DC1BEE94BD0078B8BA /* LaunchScreen.storyboard */ = {
			isa = PBXVariantGroup;
			children = (
				34D695DD1BEE94BD0078B8BA /* Base */,
			);
			name = LaunchScreen.storyboard;
			sourceTree = "<group>";
		};
/* End PBXVariantGroup section */

/* Begin XCBuildConfiguration section */
		34D695F61BEE94BD0078B8BA /* Debug */ = {
			isa = XCBuildConfiguration;
			buildSettings = {
				ALWAYS_SEARCH_USER_PATHS = NO;
				CLANG_CXX_LANGUAGE_STANDARD = "gnu++0x";
				CLANG_CXX_LIBRARY = "libc++";
				CLANG_ENABLE_MODULES = YES;
				CLANG_ENABLE_OBJC_ARC = YES;
				CLANG_WARN_BOOL_CONVERSION = YES;
				CLANG_WARN_CONSTANT_CONVERSION = YES;
				CLANG_WARN_DIRECT_OBJC_ISA_USAGE = YES_ERROR;
				CLANG_WARN_EMPTY_BODY = YES;
				CLANG_WARN_ENUM_CONVERSION = YES;
				CLANG_WARN_INT_CONVERSION = YES;
				CLANG_WARN_OBJC_ROOT_CLASS = YES_ERROR;
				CLANG_WARN_UNREACHABLE_CODE = YES;
				CLANG_WARN__DUPLICATE_METHOD_MATCH = YES;
				"CODE_SIGN_IDENTITY[sdk=iphoneos*]" = "iPhone Developer";
				COPY_PHASE_STRIP = NO;
				DEBUG_INFORMATION_FORMAT = dwarf;
				ENABLE_STRICT_OBJC_MSGSEND = YES;
				ENABLE_TESTABILITY = YES;
				GCC_C_LANGUAGE_STANDARD = gnu99;
				GCC_DYNAMIC_NO_PIC = NO;
				GCC_NO_COMMON_BLOCKS = YES;
				GCC_OPTIMIZATION_LEVEL = 0;
				GCC_PREPROCESSOR_DEFINITIONS = (
					"DEBUG=1",
					"$(inherited)",
				);
				GCC_WARN_64_TO_32_BIT_CONVERSION = YES;
				GCC_WARN_ABOUT_RETURN_TYPE = YES_ERROR;
				GCC_WARN_UNDECLARED_SELECTOR = YES;
				GCC_WARN_UNINITIALIZED_AUTOS = YES_AGGRESSIVE;
				GCC_WARN_UNUSED_FUNCTION = YES;
				GCC_WARN_UNUSED_VARIABLE = YES;
				IPHONEOS_DEPLOYMENT_TARGET = 9.1;
				MTL_ENABLE_DEBUG_INFO = YES;
				ONLY_ACTIVE_ARCH = YES;
				SDKROOT = iphoneos;
				SWIFT_OPTIMIZATION_LEVEL = "-Onone";
				TARGETED_DEVICE_FAMILY = "1,2";
			};
			name = Debug;
		};
		34D695F71BEE94BD0078B8BA /* Release */ = {
			isa = XCBuildConfiguration;
			buildSettings = {
				ALWAYS_SEARCH_USER_PATHS = NO;
				CLANG_CXX_LANGUAGE_STANDARD = "gnu++0x";
				CLANG_CXX_LIBRARY = "libc++";
				CLANG_ENABLE_MODULES = YES;
				CLANG_ENABLE_OBJC_ARC = YES;
				CLANG_WARN_BOOL_CONVERSION = YES;
				CLANG_WARN_CONSTANT_CONVERSION = YES;
				CLANG_WARN_DIRECT_OBJC_ISA_USAGE = YES_ERROR;
				CLANG_WARN_EMPTY_BODY = YES;
				CLANG_WARN_ENUM_CONVERSION = YES;
				CLANG_WARN_INT_CONVERSION = YES;
				CLANG_WARN_OBJC_ROOT_CLASS = YES_ERROR;
				CLANG_WARN_UNREACHABLE_CODE = YES;
				CLANG_WARN__DUPLICATE_METHOD_MATCH = YES;
				"CODE_SIGN_IDENTITY[sdk=iphoneos*]" = "iPhone Developer";
				COPY_PHASE_STRIP = NO;
				DEBUG_INFORMATION_FORMAT = "dwarf-with-dsym";
				ENABLE_NS_ASSERTIONS = NO;
				ENABLE_STRICT_OBJC_MSGSEND = YES;
				GCC_C_LANGUAGE_STANDARD = gnu99;
				GCC_NO_COMMON_BLOCKS = YES;
				GCC_WARN_64_TO_32_BIT_CONVERSION = YES;
				GCC_WARN_ABOUT_RETURN_TYPE = YES_ERROR;
				GCC_WARN_UNDECLARED_SELECTOR = YES;
				GCC_WARN_UNINITIALIZED_AUTOS = YES_AGGRESSIVE;
				GCC_WARN_UNUSED_FUNCTION = YES;
				GCC_WARN_UNUSED_VARIABLE = YES;
				IPHONEOS_DEPLOYMENT_TARGET = 9.1;
				MTL_ENABLE_DEBUG_INFO = NO;
				SDKROOT = iphoneos;
				TARGETED_DEVICE_FAMILY = "1,2";
				VALIDATE_PRODUCT = YES;
			};
			name = Release;
		};
		34D695F91BEE94BD0078B8BA /* Debug */ = {
			isa = XCBuildConfiguration;
			buildSettings = {
				ASSETCATALOG_COMPILER_APPICON_NAME = AppIcon;
				CODE_SIGN_IDENTITY = "iPhone Developer";
				INFOPLIST_FILE = WordSearch/Info.plist;
				LD_RUNPATH_SEARCH_PATHS = "$(inherited) @executable_path/Frameworks";
				PRODUCT_BUNDLE_IDENTIFIER = com.matthewcrenshaw.WordSearch;
				PRODUCT_NAME = "$(TARGET_NAME)";
			};
			name = Debug;
		};
		34D695FA1BEE94BD0078B8BA /* Release */ = {
			isa = XCBuildConfiguration;
			buildSettings = {
				ASSETCATALOG_COMPILER_APPICON_NAME = AppIcon;
				CODE_SIGN_IDENTITY = "iPhone Developer";
				INFOPLIST_FILE = WordSearch/Info.plist;
				LD_RUNPATH_SEARCH_PATHS = "$(inherited) @executable_path/Frameworks";
				PRODUCT_BUNDLE_IDENTIFIER = com.matthewcrenshaw.WordSearch;
				PRODUCT_NAME = "$(TARGET_NAME)";
			};
			name = Release;
		};
/* End XCBuildConfiguration section */

/* Begin XCConfigurationList section */
		34D695CB1BEE94BC0078B8BA /* Build configuration list for PBXProject "WordSearch" */ = {
			isa = XCConfigurationList;
			buildConfigurations = (
				34D695F61BEE94BD0078B8BA /* Debug */,
				34D695F71BEE94BD0078B8BA /* Release */,
			);
			defaultConfigurationIsVisible = 0;
			defaultConfigurationName = Release;
		};
		34D695F81BEE94BD0078B8BA /* Build configuration list for PBXNativeTarget "WordSearch" */ = {
			isa = XCConfigurationList;
			buildConfigurations = (
				34D695F91BEE94BD0078B8BA /* Debug */,
				34D695FA1BEE94BD0078B8BA /* Release */,
			);
			defaultConfigurationIsVisible = 0;
			defaultConfigurationName = Release;
		};
/* End XCConfigurationList section */
	};
	rootObject = 34D695C81BEE94BC0078B8BA /* Project object */;
}
